// !$*UTF8*$!
{
	archiveVersion = 1;
	classes = {
	};
	objectVersion = 50;
	objects = {

/* Begin PBXBuildFile section */
		340B01B2245B7C6800082C55 /* Use.swift in Sources */ = {isa = PBXBuildFile; fileRef = 340B01B1245B7C6800082C55 /* Use.swift */; };
		34147559245DCB8C006AEC6C /* AlsoSeeTableViewCell.swift in Sources */ = {isa = PBXBuildFile; fileRef = 34147557245DCB8C006AEC6C /* AlsoSeeTableViewCell.swift */; };
		3414755A245DCB8C006AEC6C /* AlsoSeeTableViewCell.xib in Sources */ = {isa = PBXBuildFile; fileRef = 34147558245DCB8C006AEC6C /* AlsoSeeTableViewCell.xib */; };
		3414755D245DCBB4006AEC6C /* CastTableViewCell.swift in Sources */ = {isa = PBXBuildFile; fileRef = 3414755B245DCBB4006AEC6C /* CastTableViewCell.swift */; };
		3414755E245DCBB4006AEC6C /* CastTableViewCell.xib in Sources */ = {isa = PBXBuildFile; fileRef = 3414755C245DCBB4006AEC6C /* CastTableViewCell.xib */; };
		34159806245C16D7005B0EA6 /* DetailViewController.swift in Sources */ = {isa = PBXBuildFile; fileRef = 34159805245C16D7005B0EA6 /* DetailViewController.swift */; };
		34159808245C173B005B0EA6 /* DetailPresenter.swift in Sources */ = {isa = PBXBuildFile; fileRef = 34159807245C173B005B0EA6 /* DetailPresenter.swift */; };
		3415980A245C1769005B0EA6 /* DetailRouter.swift in Sources */ = {isa = PBXBuildFile; fileRef = 34159809245C1769005B0EA6 /* DetailRouter.swift */; };
		3415980C245C17A4005B0EA6 /* DetailModuleConfigurator.swift in Sources */ = {isa = PBXBuildFile; fileRef = 3415980B245C17A4005B0EA6 /* DetailModuleConfigurator.swift */; };
		34159810245C18C4005B0EA6 /* DetailPorotocols.swift in Sources */ = {isa = PBXBuildFile; fileRef = 3415980F245C18C4005B0EA6 /* DetailPorotocols.swift */; };
		34159813245C30C7005B0EA6 /* DetailViewController.xib in Sources */ = {isa = PBXBuildFile; fileRef = 34159812245C30C7005B0EA6 /* DetailViewController.xib */; };
		34159816245C31B1005B0EA6 /* PosterTableViewCell.swift in Sources */ = {isa = PBXBuildFile; fileRef = 34159814245C31B0005B0EA6 /* PosterTableViewCell.swift */; };
		34159817245C31B1005B0EA6 /* TitleTableViewCell.swift in Sources */ = {isa = PBXBuildFile; fileRef = 34159815245C31B0005B0EA6 /* TitleTableViewCell.swift */; };
		3415981A245C36CC005B0EA6 /* TitleTableViewCell.xib in Sources */ = {isa = PBXBuildFile; fileRef = 34159818245C36CC005B0EA6 /* TitleTableViewCell.xib */; };
		3415981B245C36CC005B0EA6 /* PosterTableViewCell.xib in Sources */ = {isa = PBXBuildFile; fileRef = 34159819245C36CC005B0EA6 /* PosterTableViewCell.xib */; };
		3415981F245C63EE005B0EA6 /* CustomActivityIndicatorView.swift in Sources */ = {isa = PBXBuildFile; fileRef = 3415981E245C63EE005B0EA6 /* CustomActivityIndicatorView.swift */; };
		34228B74245D66CA009F85A1 /* FavoriteRouter.swift in Sources */ = {isa = PBXBuildFile; fileRef = 34228B73245D66CA009F85A1 /* FavoriteRouter.swift */; };
		34228B77245D6722009F85A1 /* FavoriteProtocols.swift in Sources */ = {isa = PBXBuildFile; fileRef = 34228B76245D6722009F85A1 /* FavoriteProtocols.swift */; };
		34228B7A245D70C1009F85A1 /* FavoritePresenter.swift in Sources */ = {isa = PBXBuildFile; fileRef = 34228B79245D70C1009F85A1 /* FavoritePresenter.swift */; };
		34228B7C245D7109009F85A1 /* FavoriteViewController.swift in Sources */ = {isa = PBXBuildFile; fileRef = 34228B7B245D7109009F85A1 /* FavoriteViewController.swift */; };
		34228B7E245D7202009F85A1 /* FavoriteConfigurator.swift in Sources */ = {isa = PBXBuildFile; fileRef = 34228B7D245D7202009F85A1 /* FavoriteConfigurator.swift */; };
		3444A0F0245A0B8A00432678 /* AppDelegate.swift in Sources */ = {isa = PBXBuildFile; fileRef = 3444A0EF245A0B8A00432678 /* AppDelegate.swift */; };
		3444A0F4245A0B8A00432678 /* MainViewController.swift in Sources */ = {isa = PBXBuildFile; fileRef = 3444A0F3245A0B8A00432678 /* MainViewController.swift */; };
		3444A0F9245A0B8B00432678 /* Assets.xcassets in Sources */ = {isa = PBXBuildFile; fileRef = 3444A0F8245A0B8B00432678 /* Assets.xcassets */; };
		3444A109245A0C6700432678 /* Movie.swift in Sources */ = {isa = PBXBuildFile; fileRef = 3444A108245A0C6700432678 /* Movie.swift */; };
		346E4731245B6923002F9948 /* MainTableViewCell.xib in Sources */ = {isa = PBXBuildFile; fileRef = 346E4730245B6923002F9948 /* MainTableViewCell.xib */; };
		346E4733245B6A33002F9948 /* MainTableViewCell.swift in Sources */ = {isa = PBXBuildFile; fileRef = 346E4732245B6A33002F9948 /* MainTableViewCell.swift */; };
		346E473B245B6AA4002F9948 /* UIViewController.swift in Sources */ = {isa = PBXBuildFile; fileRef = 346E4737245B6AA4002F9948 /* UIViewController.swift */; };
		346E473C245B6AA4002F9948 /* UIImageView.swift in Sources */ = {isa = PBXBuildFile; fileRef = 346E4738245B6AA4002F9948 /* UIImageView.swift */; };
		346E473D245B6AA4002F9948 /* UILabel.swift in Sources */ = {isa = PBXBuildFile; fileRef = 346E4739245B6AA4002F9948 /* UILabel.swift */; };
		346E473E245B6AA4002F9948 /* Misc.swift in Sources */ = {isa = PBXBuildFile; fileRef = 346E473A245B6AA4002F9948 /* Misc.swift */; };
		346E4740245B6AE7002F9948 /* MonthPick.swift in Sources */ = {isa = PBXBuildFile; fileRef = 346E473F245B6AE7002F9948 /* MonthPick.swift */; };
		347BFFDD245EC93100F1E1B1 /* CastCollectionViewCell.swift in Sources */ = {isa = PBXBuildFile; fileRef = 347BFFDB245EC93100F1E1B1 /* CastCollectionViewCell.swift */; };
		347BFFDE245EC93100F1E1B1 /* CastCollectionViewCell.xib in Sources */ = {isa = PBXBuildFile; fileRef = 347BFFDC245EC93100F1E1B1 /* CastCollectionViewCell.xib */; };
		347BFFE0245ECDFA00F1E1B1 /* Cast.swift in Sources */ = {isa = PBXBuildFile; fileRef = 347BFFDF245ECDFA00F1E1B1 /* Cast.swift */; };
		3496F6BD245AC0DC00FB2997 /* MovieList.swift in Sources */ = {isa = PBXBuildFile; fileRef = 3496F6BC245AC0DC00FB2997 /* MovieList.swift */; };
		3496F6C0245AE4F000FB2997 /* MainProtocols.swift in Sources */ = {isa = PBXBuildFile; fileRef = 3496F6BF245AE4F000FB2997 /* MainProtocols.swift */; };
		3496F6C3245AEBD000FB2997 /* TransitionProtocols.swift in Sources */ = {isa = PBXBuildFile; fileRef = 3496F6C2245AEBD000FB2997 /* TransitionProtocols.swift */; };
		3496F6C7245AFE0000FB2997 /* MainPresenter.swift in Sources */ = {isa = PBXBuildFile; fileRef = 3496F6C6245AFE0000FB2997 /* MainPresenter.swift */; };
		3496F6C9245B004300FB2997 /* MainRouter.swift in Sources */ = {isa = PBXBuildFile; fileRef = 3496F6C8245B004300FB2997 /* MainRouter.swift */; };
		3496F6CB245B273E00FB2997 /* Main.storyboard in Sources */ = {isa = PBXBuildFile; fileRef = 3496F6CA245B273E00FB2997 /* Main.storyboard */; };
		3496F6CD245B274F00FB2997 /* LaunchScreen.storyboard in Sources */ = {isa = PBXBuildFile; fileRef = 3496F6CC245B274F00FB2997 /* LaunchScreen.storyboard */; };
		3496F6D3245B57B300FB2997 /* MainModuleConfigurator.swift in Sources */ = {isa = PBXBuildFile; fileRef = 3496F6D2245B57B300FB2997 /* MainModuleConfigurator.swift */; };
		3496F6D6245B5DDF00FB2997 /* Network.swift in Sources */ = {isa = PBXBuildFile; fileRef = 3496F6D5245B5DDF00FB2997 /* Network.swift */; };
		3496F6D8245B5E1200FB2997 /* LinkBuilder.swift in Sources */ = {isa = PBXBuildFile; fileRef = 3496F6D7245B5E1200FB2997 /* LinkBuilder.swift */; };
		3496F6DA245B5E4700FB2997 /* ErrorCases.swift in Sources */ = {isa = PBXBuildFile; fileRef = 3496F6D9245B5E4700FB2997 /* ErrorCases.swift */; };
/* End PBXBuildFile section */

/* Begin PBXFileReference section */
		340B01B1245B7C6800082C55 /* Use.swift */ = {isa = PBXFileReference; lastKnownFileType = sourcecode.swift; path = Use.swift; sourceTree = "<group>"; };
		34147557245DCB8C006AEC6C /* AlsoSeeTableViewCell.swift */ = {isa = PBXFileReference; lastKnownFileType = sourcecode.swift; path = AlsoSeeTableViewCell.swift; sourceTree = "<group>"; };
		34147558245DCB8C006AEC6C /* AlsoSeeTableViewCell.xib */ = {isa = PBXFileReference; lastKnownFileType = file.xib; path = AlsoSeeTableViewCell.xib; sourceTree = "<group>"; };
		3414755B245DCBB4006AEC6C /* CastTableViewCell.swift */ = {isa = PBXFileReference; lastKnownFileType = sourcecode.swift; path = CastTableViewCell.swift; sourceTree = "<group>"; };
		3414755C245DCBB4006AEC6C /* CastTableViewCell.xib */ = {isa = PBXFileReference; lastKnownFileType = file.xib; path = CastTableViewCell.xib; sourceTree = "<group>"; };
		34159805245C16D7005B0EA6 /* DetailViewController.swift */ = {isa = PBXFileReference; lastKnownFileType = sourcecode.swift; path = DetailViewController.swift; sourceTree = "<group>"; };
		34159807245C173B005B0EA6 /* DetailPresenter.swift */ = {isa = PBXFileReference; lastKnownFileType = sourcecode.swift; path = DetailPresenter.swift; sourceTree = "<group>"; };
		34159809245C1769005B0EA6 /* DetailRouter.swift */ = {isa = PBXFileReference; lastKnownFileType = sourcecode.swift; path = DetailRouter.swift; sourceTree = "<group>"; };
		3415980B245C17A4005B0EA6 /* DetailModuleConfigurator.swift */ = {isa = PBXFileReference; lastKnownFileType = sourcecode.swift; path = DetailModuleConfigurator.swift; sourceTree = "<group>"; };
		3415980F245C18C4005B0EA6 /* DetailPorotocols.swift */ = {isa = PBXFileReference; lastKnownFileType = sourcecode.swift; path = DetailPorotocols.swift; sourceTree = "<group>"; };
		34159812245C30C7005B0EA6 /* DetailViewController.xib */ = {isa = PBXFileReference; fileEncoding = 4; lastKnownFileType = file.xib; path = DetailViewController.xib; sourceTree = "<group>"; };
		34159814245C31B0005B0EA6 /* PosterTableViewCell.swift */ = {isa = PBXFileReference; fileEncoding = 4; lastKnownFileType = sourcecode.swift; path = PosterTableViewCell.swift; sourceTree = "<group>"; };
		34159815245C31B0005B0EA6 /* TitleTableViewCell.swift */ = {isa = PBXFileReference; fileEncoding = 4; lastKnownFileType = sourcecode.swift; path = TitleTableViewCell.swift; sourceTree = "<group>"; };
		34159818245C36CC005B0EA6 /* TitleTableViewCell.xib */ = {isa = PBXFileReference; fileEncoding = 4; lastKnownFileType = file.xib; path = TitleTableViewCell.xib; sourceTree = "<group>"; };
		34159819245C36CC005B0EA6 /* PosterTableViewCell.xib */ = {isa = PBXFileReference; fileEncoding = 4; lastKnownFileType = file.xib; path = PosterTableViewCell.xib; sourceTree = "<group>"; };
		3415981E245C63EE005B0EA6 /* CustomActivityIndicatorView.swift */ = {isa = PBXFileReference; lastKnownFileType = sourcecode.swift; path = CustomActivityIndicatorView.swift; sourceTree = "<group>"; };
		34228B73245D66CA009F85A1 /* FavoriteRouter.swift */ = {isa = PBXFileReference; lastKnownFileType = sourcecode.swift; path = FavoriteRouter.swift; sourceTree = "<group>"; };
		34228B76245D6722009F85A1 /* FavoriteProtocols.swift */ = {isa = PBXFileReference; lastKnownFileType = sourcecode.swift; path = FavoriteProtocols.swift; sourceTree = "<group>"; };
		34228B79245D70C1009F85A1 /* FavoritePresenter.swift */ = {isa = PBXFileReference; lastKnownFileType = sourcecode.swift; path = FavoritePresenter.swift; sourceTree = "<group>"; };
		34228B7B245D7109009F85A1 /* FavoriteViewController.swift */ = {isa = PBXFileReference; lastKnownFileType = sourcecode.swift; path = FavoriteViewController.swift; sourceTree = "<group>"; };
		34228B7D245D7202009F85A1 /* FavoriteConfigurator.swift */ = {isa = PBXFileReference; lastKnownFileType = sourcecode.swift; path = FavoriteConfigurator.swift; sourceTree = "<group>"; };
		3444A0EC245A0B8900432678 /* tryTwo.app */ = {isa = PBXFileReference; explicitFileType = wrapper.application; includeInIndex = 0; path = tryTwo.app; sourceTree = BUILT_PRODUCTS_DIR; };
		3444A0EF245A0B8A00432678 /* AppDelegate.swift */ = {isa = PBXFileReference; lastKnownFileType = sourcecode.swift; path = AppDelegate.swift; sourceTree = "<group>"; };
		3444A0F3245A0B8A00432678 /* MainViewController.swift */ = {isa = PBXFileReference; lastKnownFileType = sourcecode.swift; path = MainViewController.swift; sourceTree = "<group>"; };
		3444A0F8245A0B8B00432678 /* Assets.xcassets */ = {isa = PBXFileReference; lastKnownFileType = folder.assetcatalog; path = Assets.xcassets; sourceTree = "<group>"; };
		3444A0FD245A0B8B00432678 /* Info.plist */ = {isa = PBXFileReference; lastKnownFileType = text.plist.xml; path = Info.plist; sourceTree = "<group>"; };
		3444A108245A0C6700432678 /* Movie.swift */ = {isa = PBXFileReference; lastKnownFileType = sourcecode.swift; path = Movie.swift; sourceTree = "<group>"; };
		346E4730245B6923002F9948 /* MainTableViewCell.xib */ = {isa = PBXFileReference; fileEncoding = 4; lastKnownFileType = file.xib; path = MainTableViewCell.xib; sourceTree = "<group>"; };
		346E4732245B6A33002F9948 /* MainTableViewCell.swift */ = {isa = PBXFileReference; fileEncoding = 4; lastKnownFileType = sourcecode.swift; path = MainTableViewCell.swift; sourceTree = "<group>"; };
		346E4737245B6AA4002F9948 /* UIViewController.swift */ = {isa = PBXFileReference; fileEncoding = 4; lastKnownFileType = sourcecode.swift; path = UIViewController.swift; sourceTree = "<group>"; };
		346E4738245B6AA4002F9948 /* UIImageView.swift */ = {isa = PBXFileReference; fileEncoding = 4; lastKnownFileType = sourcecode.swift; path = UIImageView.swift; sourceTree = "<group>"; };
		346E4739245B6AA4002F9948 /* UILabel.swift */ = {isa = PBXFileReference; fileEncoding = 4; lastKnownFileType = sourcecode.swift; path = UILabel.swift; sourceTree = "<group>"; };
		346E473A245B6AA4002F9948 /* Misc.swift */ = {isa = PBXFileReference; fileEncoding = 4; lastKnownFileType = sourcecode.swift; name = Misc.swift; path = tryTwo/Library/Misc.swift; sourceTree = SOURCE_ROOT; };
		346E473F245B6AE7002F9948 /* MonthPick.swift */ = {isa = PBXFileReference; fileEncoding = 4; lastKnownFileType = sourcecode.swift; path = MonthPick.swift; sourceTree = "<group>"; };
		347BFFDB245EC93100F1E1B1 /* CastCollectionViewCell.swift */ = {isa = PBXFileReference; lastKnownFileType = sourcecode.swift; path = CastCollectionViewCell.swift; sourceTree = "<group>"; };
		347BFFDC245EC93100F1E1B1 /* CastCollectionViewCell.xib */ = {isa = PBXFileReference; lastKnownFileType = file.xib; path = CastCollectionViewCell.xib; sourceTree = "<group>"; };
		347BFFDF245ECDFA00F1E1B1 /* Cast.swift */ = {isa = PBXFileReference; lastKnownFileType = sourcecode.swift; path = Cast.swift; sourceTree = "<group>"; };
		3496F6BC245AC0DC00FB2997 /* MovieList.swift */ = {isa = PBXFileReference; lastKnownFileType = sourcecode.swift; path = MovieList.swift; sourceTree = "<group>"; };
		3496F6BF245AE4F000FB2997 /* MainProtocols.swift */ = {isa = PBXFileReference; lastKnownFileType = sourcecode.swift; path = MainProtocols.swift; sourceTree = "<group>"; };
		3496F6C2245AEBD000FB2997 /* TransitionProtocols.swift */ = {isa = PBXFileReference; lastKnownFileType = sourcecode.swift; path = TransitionProtocols.swift; sourceTree = "<group>"; };
		3496F6C6245AFE0000FB2997 /* MainPresenter.swift */ = {isa = PBXFileReference; lastKnownFileType = sourcecode.swift; path = MainPresenter.swift; sourceTree = "<group>"; };
		3496F6C8245B004300FB2997 /* MainRouter.swift */ = {isa = PBXFileReference; lastKnownFileType = sourcecode.swift; path = MainRouter.swift; sourceTree = "<group>"; };
		3496F6CA245B273E00FB2997 /* Main.storyboard */ = {isa = PBXFileReference; lastKnownFileType = file.storyboard; path = Main.storyboard; sourceTree = "<group>"; };
		3496F6CC245B274F00FB2997 /* LaunchScreen.storyboard */ = {isa = PBXFileReference; lastKnownFileType = file.storyboard; path = LaunchScreen.storyboard; sourceTree = "<group>"; };
		3496F6D2245B57B300FB2997 /* MainModuleConfigurator.swift */ = {isa = PBXFileReference; lastKnownFileType = sourcecode.swift; path = MainModuleConfigurator.swift; sourceTree = "<group>"; };
		3496F6D5245B5DDF00FB2997 /* Network.swift */ = {isa = PBXFileReference; lastKnownFileType = sourcecode.swift; path = Network.swift; sourceTree = "<group>"; };
		3496F6D7245B5E1200FB2997 /* LinkBuilder.swift */ = {isa = PBXFileReference; lastKnownFileType = sourcecode.swift; path = LinkBuilder.swift; sourceTree = "<group>"; };
		3496F6D9245B5E4700FB2997 /* ErrorCases.swift */ = {isa = PBXFileReference; lastKnownFileType = sourcecode.swift; path = ErrorCases.swift; sourceTree = "<group>"; };
/* End PBXFileReference section */

/* Begin PBXFrameworksBuildPhase section */
		3444A0E9245A0B8900432678 /* Frameworks */ = {
			isa = PBXFrameworksBuildPhase;
			buildActionMask = 2147483647;
			files = (
			);
			runOnlyForDeploymentPostprocessing = 0;
		};
/* End PBXFrameworksBuildPhase section */

/* Begin PBXGroup section */
		341597FF245C1657005B0EA6 /* DetailModule */ = {
			isa = PBXGroup;
			children = (
				34159803245C167B005B0EA6 /* Router */,
				34159802245C1678005B0EA6 /* Presenter */,
				34159801245C1675005B0EA6 /* View */,
				34159800245C1668005B0EA6 /* Configurator */,
			);
			path = DetailModule;
			sourceTree = "<group>";
		};
		34159800245C1668005B0EA6 /* Configurator */ = {
			isa = PBXGroup;
			children = (
				3415980B245C17A4005B0EA6 /* DetailModuleConfigurator.swift */,
			);
			path = Configurator;
			sourceTree = "<group>";
		};
		34159801245C1675005B0EA6 /* View */ = {
			isa = PBXGroup;
			children = (
				347BFFD9245EC8CB00F1E1B1 /* PosterAndTitles */,
				347BFFDA245EC8EC00F1E1B1 /* CastAndAlso */,
				34159805245C16D7005B0EA6 /* DetailViewController.swift */,
				34159812245C30C7005B0EA6 /* DetailViewController.xib */,
			);
			path = View;
			sourceTree = "<group>";
		};
		34159802245C1678005B0EA6 /* Presenter */ = {
			isa = PBXGroup;
			children = (
				34159807245C173B005B0EA6 /* DetailPresenter.swift */,
			);
			path = Presenter;
			sourceTree = "<group>";
		};
		34159803245C167B005B0EA6 /* Router */ = {
			isa = PBXGroup;
			children = (
				34159809245C1769005B0EA6 /* DetailRouter.swift */,
			);
			path = Router;
			sourceTree = "<group>";
		};
		34159804245C1683005B0EA6 /* Configurator */ = {
			isa = PBXGroup;
			children = (
				3496F6D2245B57B300FB2997 /* MainModuleConfigurator.swift */,
			);
			path = Configurator;
			sourceTree = "<group>";
		};
		3415980E245C18A9005B0EA6 /* Detail */ = {
			isa = PBXGroup;
			children = (
				3415980F245C18C4005B0EA6 /* DetailPorotocols.swift */,
			);
			path = Detail;
			sourceTree = "<group>";
		};
		34159811245C1C52005B0EA6 /* Basic */ = {
			isa = PBXGroup;
			children = (
				3496F6C2245AEBD000FB2997 /* TransitionProtocols.swift */,
			);
			path = Basic;
			sourceTree = "<group>";
		};
		34228B6E245D580E009F85A1 /* FavoriteModule */ = {
			isa = PBXGroup;
			children = (
				34228B72245D5952009F85A1 /* Router */,
				34228B71245D594C009F85A1 /* Presenter */,
				34228B70245D594A009F85A1 /* View */,
				34228B6F245D5948009F85A1 /* Configurator */,
			);
			path = FavoriteModule;
			sourceTree = "<group>";
		};
		34228B6F245D5948009F85A1 /* Configurator */ = {
			isa = PBXGroup;
			children = (
				34228B7D245D7202009F85A1 /* FavoriteConfigurator.swift */,
			);
			path = Configurator;
			sourceTree = "<group>";
		};
		34228B70245D594A009F85A1 /* View */ = {
			isa = PBXGroup;
			children = (
				34228B7B245D7109009F85A1 /* FavoriteViewController.swift */,
			);
			path = View;
			sourceTree = "<group>";
		};
		34228B71245D594C009F85A1 /* Presenter */ = {
			isa = PBXGroup;
			children = (
				34228B79245D70C1009F85A1 /* FavoritePresenter.swift */,
			);
			path = Presenter;
			sourceTree = "<group>";
		};
		34228B72245D5952009F85A1 /* Router */ = {
			isa = PBXGroup;
			children = (
				34228B73245D66CA009F85A1 /* FavoriteRouter.swift */,
			);
			path = Router;
			sourceTree = "<group>";
		};
		34228B75245D66DA009F85A1 /* Favorite */ = {
			isa = PBXGroup;
			children = (
				34228B76245D6722009F85A1 /* FavoriteProtocols.swift */,
			);
			path = Favorite;
			sourceTree = "<group>";
		};
		3444A0E3245A0B8900432678 = {
			isa = PBXGroup;
			children = (
				3444A0EE245A0B8900432678 /* tryTwo */,
				3444A0ED245A0B8900432678 /* Products */,
			);
			sourceTree = "<group>";
		};
		3444A0ED245A0B8900432678 /* Products */ = {
			isa = PBXGroup;
			children = (
				3444A0EC245A0B8900432678 /* tryTwo.app */,
			);
			name = Products;
			sourceTree = "<group>";
		};
		3444A0EE245A0B8900432678 /* tryTwo */ = {
			isa = PBXGroup;
			children = (
				346E4734245B6A47002F9948 /* Library */,
				3496F6D4245B5DC200FB2997 /* Service */,
				3496F6BE245AE3F500FB2997 /* Protocols */,
				3444A104245A0BE800432678 /* Model */,
				3496F6D0245B573B00FB2997 /* MainModule */,
				341597FF245C1657005B0EA6 /* DetailModule */,
				34228B6E245D580E009F85A1 /* FavoriteModule */,
				3444A10D245A12EF00432678 /* Resources */,
				3444A10C245A12D500432678 /* Application */,
			);
			path = tryTwo;
			sourceTree = "<group>";
		};
		3444A104245A0BE800432678 /* Model */ = {
			isa = PBXGroup;
			children = (
				346E473F245B6AE7002F9948 /* MonthPick.swift */,
				3496F6D9245B5E4700FB2997 /* ErrorCases.swift */,
				3444A108245A0C6700432678 /* Movie.swift */,
				3496F6BC245AC0DC00FB2997 /* MovieList.swift */,
				340B01B1245B7C6800082C55 /* Use.swift */,
				347BFFDF245ECDFA00F1E1B1 /* Cast.swift */,
			);
			path = Model;
			sourceTree = "<group>";
		};
		3444A105245A0BE900432678 /* Presenter */ = {
			isa = PBXGroup;
			children = (
				3496F6C6245AFE0000FB2997 /* MainPresenter.swift */,
			);
			path = Presenter;
			sourceTree = "<group>";
		};
		3444A106245A0BEB00432678 /* View */ = {
			isa = PBXGroup;
			children = (
				346E4730245B6923002F9948 /* MainTableViewCell.xib */,
				346E4732245B6A33002F9948 /* MainTableViewCell.swift */,
				3444A0F3245A0B8A00432678 /* MainViewController.swift */,
			);
			path = View;
			sourceTree = "<group>";
		};
		3444A10C245A12D500432678 /* Application */ = {
			isa = PBXGroup;
			children = (
				3444A0EF245A0B8A00432678 /* AppDelegate.swift */,
				3496F6CA245B273E00FB2997 /* Main.storyboard */,
				3496F6CC245B274F00FB2997 /* LaunchScreen.storyboard */,
				3444A0FD245A0B8B00432678 /* Info.plist */,
			);
			path = Application;
			sourceTree = "<group>";
		};
		3444A10D245A12EF00432678 /* Resources */ = {
			isa = PBXGroup;
			children = (
				3444A0F8245A0B8B00432678 /* Assets.xcassets */,
			);
			path = Resources;
			sourceTree = "<group>";
		};
		346E4734245B6A47002F9948 /* Library */ = {
			isa = PBXGroup;
			children = (
				346E473A245B6AA4002F9948 /* Misc.swift */,
				3415981E245C63EE005B0EA6 /* CustomActivityIndicatorView.swift */,
				346E4736245B6AA4002F9948 /* Extension */,
			);
			path = Library;
			sourceTree = "<group>";
		};
		346E4736245B6AA4002F9948 /* Extension */ = {
			isa = PBXGroup;
			children = (
				346E4737245B6AA4002F9948 /* UIViewController.swift */,
				346E4738245B6AA4002F9948 /* UIImageView.swift */,
				346E4739245B6AA4002F9948 /* UILabel.swift */,
			);
			path = Extension;
			sourceTree = "<group>";
		};
		347BFFD9245EC8CB00F1E1B1 /* PosterAndTitles */ = {
			isa = PBXGroup;
			children = (
				34159819245C36CC005B0EA6 /* PosterTableViewCell.xib */,
				34159818245C36CC005B0EA6 /* TitleTableViewCell.xib */,
				34159814245C31B0005B0EA6 /* PosterTableViewCell.swift */,
				34159815245C31B0005B0EA6 /* TitleTableViewCell.swift */,
			);
			path = PosterAndTitles;
			sourceTree = "<group>";
		};
		347BFFDA245EC8EC00F1E1B1 /* CastAndAlso */ = {
			isa = PBXGroup;
			children = (
				34147557245DCB8C006AEC6C /* AlsoSeeTableViewCell.swift */,
				34147558245DCB8C006AEC6C /* AlsoSeeTableViewCell.xib */,
				3414755B245DCBB4006AEC6C /* CastTableViewCell.swift */,
				3414755C245DCBB4006AEC6C /* CastTableViewCell.xib */,
				347BFFDB245EC93100F1E1B1 /* CastCollectionViewCell.swift */,
				347BFFDC245EC93100F1E1B1 /* CastCollectionViewCell.xib */,
			);
			path = CastAndAlso;
			sourceTree = "<group>";
		};
		3496F6BE245AE3F500FB2997 /* Protocols */ = {
			isa = PBXGroup;
			children = (
				34159811245C1C52005B0EA6 /* Basic */,
				3496F6D1245B578400FB2997 /* Main */,
				3415980E245C18A9005B0EA6 /* Detail */,
				34228B75245D66DA009F85A1 /* Favorite */,
			);
			path = Protocols;
			sourceTree = "<group>";
		};
		3496F6C1245AE75900FB2997 /* Router */ = {
			isa = PBXGroup;
			children = (
				3496F6C8245B004300FB2997 /* MainRouter.swift */,
			);
			path = Router;
			sourceTree = "<group>";
		};
		3496F6D0245B573B00FB2997 /* MainModule */ = {
			isa = PBXGroup;
			children = (
				3496F6C1245AE75900FB2997 /* Router */,
				3444A105245A0BE900432678 /* Presenter */,
				3444A106245A0BEB00432678 /* View */,
				34159804245C1683005B0EA6 /* Configurator */,
			);
			path = MainModule;
			sourceTree = "<group>";
		};
		3496F6D1245B578400FB2997 /* Main */ = {
			isa = PBXGroup;
			children = (
				3496F6BF245AE4F000FB2997 /* MainProtocols.swift */,
			);
			path = Main;
			sourceTree = "<group>";
		};
		3496F6D4245B5DC200FB2997 /* Service */ = {
			isa = PBXGroup;
			children = (
				3496F6D5245B5DDF00FB2997 /* Network.swift */,
				3496F6D7245B5E1200FB2997 /* LinkBuilder.swift */,
			);
			path = Service;
			sourceTree = "<group>";
		};
/* End PBXGroup section */

/* Begin PBXNativeTarget section */
		3444A0EB245A0B8900432678 /* tryTwo */ = {
			isa = PBXNativeTarget;
			buildConfigurationList = 3444A100245A0B8B00432678 /* Build configuration list for PBXNativeTarget "tryTwo" */;
			buildPhases = (
				3444A0E8245A0B8900432678 /* Sources */,
				3444A0E9245A0B8900432678 /* Frameworks */,
			);
			buildRules = (
			);
			dependencies = (
			);
			name = tryTwo;
			productName = tryTwo;
			productReference = 3444A0EC245A0B8900432678 /* tryTwo.app */;
			productType = "com.apple.product-type.application";
		};
/* End PBXNativeTarget section */

/* Begin PBXProject section */
		3444A0E4245A0B8900432678 /* Project object */ = {
			isa = PBXProject;
			attributes = {
				LastSwiftUpdateCheck = 1130;
				LastUpgradeCheck = 1130;
				ORGANIZATIONNAME = fivecoil;
				TargetAttributes = {
					3444A0EB245A0B8900432678 = {
						CreatedOnToolsVersion = 11.3.1;
					};
				};
			};
			buildConfigurationList = 3444A0E7245A0B8900432678 /* Build configuration list for PBXProject "tryTwo" */;
			compatibilityVersion = "Xcode 9.3";
			developmentRegion = en;
			hasScannedForEncodings = 0;
			knownRegions = (
				en,
				Base,
			);
			mainGroup = 3444A0E3245A0B8900432678;
			productRefGroup = 3444A0ED245A0B8900432678 /* Products */;
			projectDirPath = "";
			projectRoot = "";
			targets = (
				3444A0EB245A0B8900432678 /* tryTwo */,
			);
		};
/* End PBXProject section */

/* Begin PBXSourcesBuildPhase section */
		3444A0E8245A0B8900432678 /* Sources */ = {
			isa = PBXSourcesBuildPhase;
			buildActionMask = 2147483647;
			files = (
				346E473B245B6AA4002F9948 /* UIViewController.swift in Sources */,
				3415980A245C1769005B0EA6 /* DetailRouter.swift in Sources */,
				34159817245C31B1005B0EA6 /* TitleTableViewCell.swift in Sources */,
				346E473E245B6AA4002F9948 /* Misc.swift in Sources */,
				346E473C245B6AA4002F9948 /* UIImageView.swift in Sources */,
				346E4733245B6A33002F9948 /* MainTableViewCell.swift in Sources */,
				3496F6D6245B5DDF00FB2997 /* Network.swift in Sources */,
				34147559245DCB8C006AEC6C /* AlsoSeeTableViewCell.swift in Sources */,
				34159808245C173B005B0EA6 /* DetailPresenter.swift in Sources */,
				34228B7E245D7202009F85A1 /* FavoriteConfigurator.swift in Sources */,
				34159816245C31B1005B0EA6 /* PosterTableViewCell.swift in Sources */,
				3444A0F4245A0B8A00432678 /* MainViewController.swift in Sources */,
				34159810245C18C4005B0EA6 /* DetailPorotocols.swift in Sources */,
				3496F6D3245B57B300FB2997 /* MainModuleConfigurator.swift in Sources */,
				34228B7A245D70C1009F85A1 /* FavoritePresenter.swift in Sources */,
				34159806245C16D7005B0EA6 /* DetailViewController.swift in Sources */,
				3415980C245C17A4005B0EA6 /* DetailModuleConfigurator.swift in Sources */,
				346E473D245B6AA4002F9948 /* UILabel.swift in Sources */,
				3415981F245C63EE005B0EA6 /* CustomActivityIndicatorView.swift in Sources */,
				340B01B2245B7C6800082C55 /* Use.swift in Sources */,
				3414755D245DCBB4006AEC6C /* CastTableViewCell.swift in Sources */,
				3496F6C9245B004300FB2997 /* MainRouter.swift in Sources */,
				347BFFDD245EC93100F1E1B1 /* CastCollectionViewCell.swift in Sources */,
				3496F6DA245B5E4700FB2997 /* ErrorCases.swift in Sources */,
				3444A109245A0C6700432678 /* Movie.swift in Sources */,
				34228B74245D66CA009F85A1 /* FavoriteRouter.swift in Sources */,
				346E4740245B6AE7002F9948 /* MonthPick.swift in Sources */,
				34228B7C245D7109009F85A1 /* FavoriteViewController.swift in Sources */,
				347BFFE0245ECDFA00F1E1B1 /* Cast.swift in Sources */,
				3496F6D8245B5E1200FB2997 /* LinkBuilder.swift in Sources */,
				34228B77245D6722009F85A1 /* FavoriteProtocols.swift in Sources */,
				3444A0F0245A0B8A00432678 /* AppDelegate.swift in Sources */,
				3496F6C7245AFE0000FB2997 /* MainPresenter.swift in Sources */,
				3496F6C0245AE4F000FB2997 /* MainProtocols.swift in Sources */,
				3496F6C3245AEBD000FB2997 /* TransitionProtocols.swift in Sources */,
				3496F6BD245AC0DC00FB2997 /* MovieList.swift in Sources */,
				3414755A245DCB8C006AEC6C /* AlsoSeeTableViewCell.xib in Sources */,
				3415981A245C36CC005B0EA6 /* TitleTableViewCell.xib in Sources */,
				3414755E245DCBB4006AEC6C /* CastTableViewCell.xib in Sources */,
				3496F6CD245B274F00FB2997 /* LaunchScreen.storyboard in Sources */,
				3444A0F9245A0B8B00432678 /* Assets.xcassets in Sources */,
				347BFFDE245EC93100F1E1B1 /* CastCollectionViewCell.xib in Sources */,
				3415981B245C36CC005B0EA6 /* PosterTableViewCell.xib in Sources */,
				346E4731245B6923002F9948 /* MainTableViewCell.xib in Sources */,
				3496F6CB245B273E00FB2997 /* Main.storyboard in Sources */,
				34159813245C30C7005B0EA6 /* DetailViewController.xib in Sources */,
			);
			runOnlyForDeploymentPostprocessing = 0;
		};
/* End PBXSourcesBuildPhase section */

/* Begin XCBuildConfiguration section */
		3444A0FE245A0B8B00432678 /* Debug */ = {
			isa = XCBuildConfiguration;
			buildSettings = {
				ALWAYS_SEARCH_USER_PATHS = NO;
				CLANG_ANALYZER_NONNULL = YES;
				CLANG_ANALYZER_NUMBER_OBJECT_CONVERSION = YES_AGGRESSIVE;
				CLANG_CXX_LANGUAGE_STANDARD = "gnu++14";
				CLANG_CXX_LIBRARY = "libc++";
				CLANG_ENABLE_MODULES = YES;
				CLANG_ENABLE_OBJC_ARC = YES;
				CLANG_ENABLE_OBJC_WEAK = YES;
				CLANG_WARN_BLOCK_CAPTURE_AUTORELEASING = YES;
				CLANG_WARN_BOOL_CONVERSION = YES;
				CLANG_WARN_COMMA = YES;
				CLANG_WARN_CONSTANT_CONVERSION = YES;
				CLANG_WARN_DEPRECATED_OBJC_IMPLEMENTATIONS = YES;
				CLANG_WARN_DIRECT_OBJC_ISA_USAGE = YES_ERROR;
				CLANG_WARN_DOCUMENTATION_COMMENTS = YES;
				CLANG_WARN_EMPTY_BODY = YES;
				CLANG_WARN_ENUM_CONVERSION = YES;
				CLANG_WARN_INFINITE_RECURSION = YES;
				CLANG_WARN_INT_CONVERSION = YES;
				CLANG_WARN_NON_LITERAL_NULL_CONVERSION = YES;
				CLANG_WARN_OBJC_IMPLICIT_RETAIN_SELF = YES;
				CLANG_WARN_OBJC_LITERAL_CONVERSION = YES;
				CLANG_WARN_OBJC_ROOT_CLASS = YES_ERROR;
				CLANG_WARN_RANGE_LOOP_ANALYSIS = YES;
				CLANG_WARN_STRICT_PROTOTYPES = YES;
				CLANG_WARN_SUSPICIOUS_MOVE = YES;
				CLANG_WARN_UNGUARDED_AVAILABILITY = YES_AGGRESSIVE;
				CLANG_WARN_UNREACHABLE_CODE = YES;
				CLANG_WARN__DUPLICATE_METHOD_MATCH = YES;
				COPY_PHASE_STRIP = NO;
				DEBUG_INFORMATION_FORMAT = dwarf;
				ENABLE_STRICT_OBJC_MSGSEND = YES;
				ENABLE_TESTABILITY = YES;
				GCC_C_LANGUAGE_STANDARD = gnu11;
				GCC_DYNAMIC_NO_PIC = NO;
				GCC_NO_COMMON_BLOCKS = YES;
				GCC_OPTIMIZATION_LEVEL = 0;
				GCC_PREPROCESSOR_DEFINITIONS = (
					"DEBUG=1",
					"$(inherited)",
				);
				GCC_WARN_64_TO_32_BIT_CONVERSION = YES;
				GCC_WARN_ABOUT_RETURN_TYPE = YES_ERROR;
				GCC_WARN_UNDECLARED_SELECTOR = YES;
				GCC_WARN_UNINITIALIZED_AUTOS = YES_AGGRESSIVE;
				GCC_WARN_UNUSED_FUNCTION = YES;
				GCC_WARN_UNUSED_VARIABLE = YES;
				IPHONEOS_DEPLOYMENT_TARGET = 13.2;
				MTL_ENABLE_DEBUG_INFO = INCLUDE_SOURCE;
				MTL_FAST_MATH = YES;
				ONLY_ACTIVE_ARCH = YES;
				SDKROOT = iphoneos;
				SWIFT_ACTIVE_COMPILATION_CONDITIONS = DEBUG;
				SWIFT_OPTIMIZATION_LEVEL = "-Onone";
			};
			name = Debug;
		};
		3444A0FF245A0B8B00432678 /* Release */ = {
			isa = XCBuildConfiguration;
			buildSettings = {
				ALWAYS_SEARCH_USER_PATHS = NO;
				CLANG_ANALYZER_NONNULL = YES;
				CLANG_ANALYZER_NUMBER_OBJECT_CONVERSION = YES_AGGRESSIVE;
				CLANG_CXX_LANGUAGE_STANDARD = "gnu++14";
				CLANG_CXX_LIBRARY = "libc++";
				CLANG_ENABLE_MODULES = YES;
				CLANG_ENABLE_OBJC_ARC = YES;
				CLANG_ENABLE_OBJC_WEAK = YES;
				CLANG_WARN_BLOCK_CAPTURE_AUTORELEASING = YES;
				CLANG_WARN_BOOL_CONVERSION = YES;
				CLANG_WARN_COMMA = YES;
				CLANG_WARN_CONSTANT_CONVERSION = YES;
				CLANG_WARN_DEPRECATED_OBJC_IMPLEMENTATIONS = YES;
				CLANG_WARN_DIRECT_OBJC_ISA_USAGE = YES_ERROR;
				CLANG_WARN_DOCUMENTATION_COMMENTS = YES;
				CLANG_WARN_EMPTY_BODY = YES;
				CLANG_WARN_ENUM_CONVERSION = YES;
				CLANG_WARN_INFINITE_RECURSION = YES;
				CLANG_WARN_INT_CONVERSION = YES;
				CLANG_WARN_NON_LITERAL_NULL_CONVERSION = YES;
				CLANG_WARN_OBJC_IMPLICIT_RETAIN_SELF = YES;
				CLANG_WARN_OBJC_LITERAL_CONVERSION = YES;
				CLANG_WARN_OBJC_ROOT_CLASS = YES_ERROR;
				CLANG_WARN_RANGE_LOOP_ANALYSIS = YES;
				CLANG_WARN_STRICT_PROTOTYPES = YES;
				CLANG_WARN_SUSPICIOUS_MOVE = YES;
				CLANG_WARN_UNGUARDED_AVAILABILITY = YES_AGGRESSIVE;
				CLANG_WARN_UNREACHABLE_CODE = YES;
				CLANG_WARN__DUPLICATE_METHOD_MATCH = YES;
				COPY_PHASE_STRIP = NO;
				DEBUG_INFORMATION_FORMAT = "dwarf-with-dsym";
				ENABLE_NS_ASSERTIONS = NO;
				ENABLE_STRICT_OBJC_MSGSEND = YES;
				GCC_C_LANGUAGE_STANDARD = gnu11;
				GCC_NO_COMMON_BLOCKS = YES;
				GCC_WARN_64_TO_32_BIT_CONVERSION = YES;
				GCC_WARN_ABOUT_RETURN_TYPE = YES_ERROR;
				GCC_WARN_UNDECLARED_SELECTOR = YES;
				GCC_WARN_UNINITIALIZED_AUTOS = YES_AGGRESSIVE;
				GCC_WARN_UNUSED_FUNCTION = YES;
				GCC_WARN_UNUSED_VARIABLE = YES;
				IPHONEOS_DEPLOYMENT_TARGET = 13.2;
				MTL_ENABLE_DEBUG_INFO = NO;
				MTL_FAST_MATH = YES;
				SDKROOT = iphoneos;
				SWIFT_COMPILATION_MODE = wholemodule;
				SWIFT_OPTIMIZATION_LEVEL = "-O";
				VALIDATE_PRODUCT = YES;
			};
			name = Release;
		};
		3444A101245A0B8B00432678 /* Debug */ = {
			isa = XCBuildConfiguration;
			buildSettings = {
				ASSETCATALOG_COMPILER_APPICON_NAME = AppIcon;
				CODE_SIGN_STYLE = Automatic;
				DEVELOPMENT_TEAM = K3MQUACZT9;
				INFOPLIST_FILE = "$(SRCROOT)/tryTwo/Application/Info.plist";
				IPHONEOS_DEPLOYMENT_TARGET = 12.0;
				LD_RUNPATH_SEARCH_PATHS = (
					"$(inherited)",
					"@executable_path/Frameworks",
				);
				PRODUCT_BUNDLE_IDENTIFIER = fivecoil.tryTwo;
				PRODUCT_NAME = "$(TARGET_NAME)";
				SWIFT_VERSION = 5.0;
				TARGETED_DEVICE_FAMILY = 1;
			};
			name = Debug;
		};
		3444A102245A0B8B00432678 /* Release */ = {
			isa = XCBuildConfiguration;
			buildSettings = {
				ASSETCATALOG_COMPILER_APPICON_NAME = AppIcon;
				CODE_SIGN_STYLE = Automatic;
				DEVELOPMENT_TEAM = K3MQUACZT9;
				INFOPLIST_FILE = "$(SRCROOT)/tryTwo/Application/Info.plist";
				IPHONEOS_DEPLOYMENT_TARGET = 12.0;
				LD_RUNPATH_SEARCH_PATHS = (
					"$(inherited)",
					"@executable_path/Frameworks",
				);
				PRODUCT_BUNDLE_IDENTIFIER = fivecoil.tryTwo;
				PRODUCT_NAME = "$(TARGET_NAME)";
				SWIFT_VERSION = 5.0;
				TARGETED_DEVICE_FAMILY = 1;
			};
			name = Release;
		};
/* End XCBuildConfiguration section */

/* Begin XCConfigurationList section */
		3444A0E7245A0B8900432678 /* Build configuration list for PBXProject "tryTwo" */ = {
			isa = XCConfigurationList;
			buildConfigurations = (
				3444A0FE245A0B8B00432678 /* Debug */,
				3444A0FF245A0B8B00432678 /* Release */,
			);
			defaultConfigurationIsVisible = 0;
			defaultConfigurationName = Release;
		};
		3444A100245A0B8B00432678 /* Build configuration list for PBXNativeTarget "tryTwo" */ = {
			isa = XCConfigurationList;
			buildConfigurations = (
				3444A101245A0B8B00432678 /* Debug */,
				3444A102245A0B8B00432678 /* Release */,
			);
			defaultConfigurationIsVisible = 0;
			defaultConfigurationName = Release;
		};
/* End XCConfigurationList section */
	};
	rootObject = 3444A0E4245A0B8900432678 /* Project object */;
}
